{
    "_meta": {
        "hash": {
            "sha256": "5fddaa04178c5bbb50338b465e8092f3095414391135365983c97e6c9c43ae5d"
        },
        "pipfile-spec": 6,
        "requires": {
            "python_version": "3.8"
        },
        "sources": [
            {
                "name": "pypi",
                "url": "https://pypi.org/simple",
                "verify_ssl": true
            }
        ]
    },
    "default": {
        "urllib3": {
            "hashes": [
                "sha256:55901e917a5896a349ff771be919f8bd99aff50b79fe58fec595eb37bbc56bb3",
                "sha256:df7aa8afb0148fa78488e7899b2c59b5f4ffcfa82e6c54ccb9dd37c1d7b52d54"
            ],
            "index": "pypi",
            "markers": "python_version >= '3.8'",
            "version": "==2.1.0"
        },
        "xmltodict": {
            "hashes": [
                "sha256:341595a488e3e01a85a9d8911d8912fd922ede5fecc4dce437eb4b6c8d037e56",
                "sha256:aa89e8fd76320154a40d19a0df04a4695fb9dc5ba977cbb68ab3e4eb225e7852"
            ],
            "index": "pypi",
            "markers": "python_version >= '3.4'",
            "version": "==0.13.0"
        }
    },
    "develop": {}
}
