// !$*UTF8*$!
{
	archiveVersion = 1;
	classes = {
	};
	objectVersion = 56;
	objects = {

/* Begin PBXBuildFile section */
		03003B072AD99E3800DB083D /* shuttle_bus_id_scannerApp.swift in Sources */ = {isa = PBXBuildFile; fileRef = 03003B062AD99E3800DB083D /* shuttle_bus_id_scannerApp.swift */; };
		03003B092AD99E3800DB083D /* ContentView.swift in Sources */ = {isa = PBXBuildFile; fileRef = 03003B082AD99E3800DB083D /* ContentView.swift */; };
		03003B0B2AD99E3900DB083D /* Assets.xcassets in Resources */ = {isa = PBXBuildFile; fileRef = 03003B0A2AD99E3900DB083D /* Assets.xcassets */; };
		03003B0E2AD99E3900DB083D /* Preview Assets.xcassets in Resources */ = {isa = PBXBuildFile; fileRef = 03003B0D2AD99E3900DB083D /* Preview Assets.xcassets */; };
		03003B182AD99E3900DB083D /* shuttle_bus_id_scannerTests.swift in Sources */ = {isa = PBXBuildFile; fileRef = 03003B172AD99E3900DB083D /* shuttle_bus_id_scannerTests.swift */; };
		03003B222AD99E3900DB083D /* shuttle_bus_id_scannerUITests.swift in Sources */ = {isa = PBXBuildFile; fileRef = 03003B212AD99E3900DB083D /* shuttle_bus_id_scannerUITests.swift */; };
		03003B242AD99E3900DB083D /* shuttle_bus_id_scannerUITestsLaunchTests.swift in Sources */ = {isa = PBXBuildFile; fileRef = 03003B232AD99E3900DB083D /* shuttle_bus_id_scannerUITestsLaunchTests.swift */; };
/* End PBXBuildFile section */

/* Begin PBXContainerItemProxy section */
		03003B142AD99E3900DB083D /* PBXContainerItemProxy */ = {
			isa = PBXContainerItemProxy;
			containerPortal = 03003AFB2AD99E3800DB083D /* Project object */;
			proxyType = 1;
			remoteGlobalIDString = 03003B022AD99E3800DB083D;
			remoteInfo = "shuttle-bus-id-scanner";
		};
		03003B1E2AD99E3900DB083D /* PBXContainerItemProxy */ = {
			isa = PBXContainerItemProxy;
			containerPortal = 03003AFB2AD99E3800DB083D /* Project object */;
			proxyType = 1;
			remoteGlobalIDString = 03003B022AD99E3800DB083D;
			remoteInfo = "shuttle-bus-id-scanner";
		};
/* End PBXContainerItemProxy section */

/* Begin PBXFileReference section */
		03003B032AD99E3800DB083D /* shuttle-bus-id-scanner.app */ = {isa = PBXFileReference; explicitFileType = wrapper.application; includeInIndex = 0; path = "shuttle-bus-id-scanner.app"; sourceTree = BUILT_PRODUCTS_DIR; };
		03003B062AD99E3800DB083D /* shuttle_bus_id_scannerApp.swift */ = {isa = PBXFileReference; lastKnownFileType = sourcecode.swift; path = shuttle_bus_id_scannerApp.swift; sourceTree = "<group>"; };
		03003B082AD99E3800DB083D /* ContentView.swift */ = {isa = PBXFileReference; lastKnownFileType = sourcecode.swift; path = ContentView.swift; sourceTree = "<group>"; };
		03003B0A2AD99E3900DB083D /* Assets.xcassets */ = {isa = PBXFileReference; lastKnownFileType = folder.assetcatalog; path = Assets.xcassets; sourceTree = "<group>"; };
		03003B0D2AD99E3900DB083D /* Preview Assets.xcassets */ = {isa = PBXFileReference; lastKnownFileType = folder.assetcatalog; path = "Preview Assets.xcassets"; sourceTree = "<group>"; };
		03003B132AD99E3900DB083D /* shuttle-bus-id-scannerTests.xctest */ = {isa = PBXFileReference; explicitFileType = wrapper.cfbundle; includeInIndex = 0; path = "shuttle-bus-id-scannerTests.xctest"; sourceTree = BUILT_PRODUCTS_DIR; };
		03003B172AD99E3900DB083D /* shuttle_bus_id_scannerTests.swift */ = {isa = PBXFileReference; lastKnownFileType = sourcecode.swift; path = shuttle_bus_id_scannerTests.swift; sourceTree = "<group>"; };
		03003B1D2AD99E3900DB083D /* shuttle-bus-id-scannerUITests.xctest */ = {isa = PBXFileReference; explicitFileType = wrapper.cfbundle; includeInIndex = 0; path = "shuttle-bus-id-scannerUITests.xctest"; sourceTree = BUILT_PRODUCTS_DIR; };
		03003B212AD99E3900DB083D /* shuttle_bus_id_scannerUITests.swift */ = {isa = PBXFileReference; lastKnownFileType = sourcecode.swift; path = shuttle_bus_id_scannerUITests.swift; sourceTree = "<group>"; };
		03003B232AD99E3900DB083D /* shuttle_bus_id_scannerUITestsLaunchTests.swift */ = {isa = PBXFileReference; lastKnownFileType = sourcecode.swift; path = shuttle_bus_id_scannerUITestsLaunchTests.swift; sourceTree = "<group>"; };
/* End PBXFileReference section */

/* Begin PBXFrameworksBuildPhase section */
		03003B002AD99E3800DB083D /* Frameworks */ = {
			isa = PBXFrameworksBuildPhase;
			buildActionMask = 2147483647;
			files = (
			);
			runOnlyForDeploymentPostprocessing = 0;
		};
		03003B102AD99E3900DB083D /* Frameworks */ = {
			isa = PBXFrameworksBuildPhase;
			buildActionMask = 2147483647;
			files = (
			);
			runOnlyForDeploymentPostprocessing = 0;
		};
		03003B1A2AD99E3900DB083D /* Frameworks */ = {
			isa = PBXFrameworksBuildPhase;
			buildActionMask = 2147483647;
			files = (
			);
			runOnlyForDeploymentPostprocessing = 0;
		};
/* End PBXFrameworksBuildPhase section */

/* Begin PBXGroup section */
		03003AFA2AD99E3800DB083D = {
			isa = PBXGroup;
			children = (
				03003B052AD99E3800DB083D /* shuttle-bus-id-scanner */,
				03003B162AD99E3900DB083D /* shuttle-bus-id-scannerTests */,
				03003B202AD99E3900DB083D /* shuttle-bus-id-scannerUITests */,
				03003B042AD99E3800DB083D /* Products */,
			);
			sourceTree = "<group>";
		};
		03003B042AD99E3800DB083D /* Products */ = {
			isa = PBXGroup;
			children = (
				03003B032AD99E3800DB083D /* shuttle-bus-id-scanner.app */,
				03003B132AD99E3900DB083D /* shuttle-bus-id-scannerTests.xctest */,
				03003B1D2AD99E3900DB083D /* shuttle-bus-id-scannerUITests.xctest */,
			);
			name = Products;
			sourceTree = "<group>";
		};
		03003B052AD99E3800DB083D /* shuttle-bus-id-scanner */ = {
			isa = PBXGroup;
			children = (
				03003B062AD99E3800DB083D /* shuttle_bus_id_scannerApp.swift */,
				03003B082AD99E3800DB083D /* ContentView.swift */,
				03003B0A2AD99E3900DB083D /* Assets.xcassets */,
				03003B0C2AD99E3900DB083D /* Preview Content */,
			);
			path = "shuttle-bus-id-scanner";
			sourceTree = "<group>";
		};
		03003B0C2AD99E3900DB083D /* Preview Content */ = {
			isa = PBXGroup;
			children = (
				03003B0D2AD99E3900DB083D /* Preview Assets.xcassets */,
			);
			path = "Preview Content";
			sourceTree = "<group>";
		};
		03003B162AD99E3900DB083D /* shuttle-bus-id-scannerTests */ = {
			isa = PBXGroup;
			children = (
				03003B172AD99E3900DB083D /* shuttle_bus_id_scannerTests.swift */,
			);
			path = "shuttle-bus-id-scannerTests";
			sourceTree = "<group>";
		};
		03003B202AD99E3900DB083D /* shuttle-bus-id-scannerUITests */ = {
			isa = PBXGroup;
			children = (
				03003B212AD99E3900DB083D /* shuttle_bus_id_scannerUITests.swift */,
				03003B232AD99E3900DB083D /* shuttle_bus_id_scannerUITestsLaunchTests.swift */,
			);
			path = "shuttle-bus-id-scannerUITests";
			sourceTree = "<group>";
		};
/* End PBXGroup section */

/* Begin PBXNativeTarget section */
		03003B022AD99E3800DB083D /* shuttle-bus-id-scanner */ = {
			isa = PBXNativeTarget;
			buildConfigurationList = 03003B272AD99E3900DB083D /* Build configuration list for PBXNativeTarget "shuttle-bus-id-scanner" */;
			buildPhases = (
				03003AFF2AD99E3800DB083D /* Sources */,
				03003B002AD99E3800DB083D /* Frameworks */,
				03003B012AD99E3800DB083D /* Resources */,
			);
			buildRules = (
			);
			dependencies = (
			);
			name = "shuttle-bus-id-scanner";
			productName = "shuttle-bus-id-scanner";
			productReference = 03003B032AD99E3800DB083D /* shuttle-bus-id-scanner.app */;
			productType = "com.apple.product-type.application";
		};
		03003B122AD99E3900DB083D /* shuttle-bus-id-scannerTests */ = {
			isa = PBXNativeTarget;
			buildConfigurationList = 03003B2A2AD99E3900DB083D /* Build configuration list for PBXNativeTarget "shuttle-bus-id-scannerTests" */;
			buildPhases = (
				03003B0F2AD99E3900DB083D /* Sources */,
				03003B102AD99E3900DB083D /* Frameworks */,
				03003B112AD99E3900DB083D /* Resources */,
			);
			buildRules = (
			);
			dependencies = (
				03003B152AD99E3900DB083D /* PBXTargetDependency */,
			);
			name = "shuttle-bus-id-scannerTests";
			productName = "shuttle-bus-id-scannerTests";
			productReference = 03003B132AD99E3900DB083D /* shuttle-bus-id-scannerTests.xctest */;
			productType = "com.apple.product-type.bundle.unit-test";
		};
		03003B1C2AD99E3900DB083D /* shuttle-bus-id-scannerUITests */ = {
			isa = PBXNativeTarget;
			buildConfigurationList = 03003B2D2AD99E3900DB083D /* Build configuration list for PBXNativeTarget "shuttle-bus-id-scannerUITests" */;
			buildPhases = (
				03003B192AD99E3900DB083D /* Sources */,
				03003B1A2AD99E3900DB083D /* Frameworks */,
				03003B1B2AD99E3900DB083D /* Resources */,
			);
			buildRules = (
			);
			dependencies = (
				03003B1F2AD99E3900DB083D /* PBXTargetDependency */,
			);
			name = "shuttle-bus-id-scannerUITests";
			productName = "shuttle-bus-id-scannerUITests";
			productReference = 03003B1D2AD99E3900DB083D /* shuttle-bus-id-scannerUITests.xctest */;
			productType = "com.apple.product-type.bundle.ui-testing";
		};
/* End PBXNativeTarget section */

/* Begin PBXProject section */
		03003AFB2AD99E3800DB083D /* Project object */ = {
			isa = PBXProject;
			attributes = {
				BuildIndependentTargetsInParallel = 1;
				LastSwiftUpdateCheck = 1430;
				LastUpgradeCheck = 1430;
				TargetAttributes = {
					03003B022AD99E3800DB083D = {
						CreatedOnToolsVersion = 14.3.1;
					};
					03003B122AD99E3900DB083D = {
						CreatedOnToolsVersion = 14.3.1;
						TestTargetID = 03003B022AD99E3800DB083D;
					};
					03003B1C2AD99E3900DB083D = {
						CreatedOnToolsVersion = 14.3.1;
						TestTargetID = 03003B022AD99E3800DB083D;
					};
				};
			};
			buildConfigurationList = 03003AFE2AD99E3800DB083D /* Build configuration list for PBXProject "shuttle-bus-id-scanner" */;
			compatibilityVersion = "Xcode 14.0";
			developmentRegion = en;
			hasScannedForEncodings = 0;
			knownRegions = (
				en,
				Base,
			);
			mainGroup = 03003AFA2AD99E3800DB083D;
			productRefGroup = 03003B042AD99E3800DB083D /* Products */;
			projectDirPath = "";
			projectRoot = "";
			targets = (
				03003B022AD99E3800DB083D /* shuttle-bus-id-scanner */,
				03003B122AD99E3900DB083D /* shuttle-bus-id-scannerTests */,
				03003B1C2AD99E3900DB083D /* shuttle-bus-id-scannerUITests */,
			);
		};
/* End PBXProject section */

/* Begin PBXResourcesBuildPhase section */
		03003B012AD99E3800DB083D /* Resources */ = {
			isa = PBXResourcesBuildPhase;
			buildActionMask = 2147483647;
			files = (
				03003B0E2AD99E3900DB083D /* Preview Assets.xcassets in Resources */,
				03003B0B2AD99E3900DB083D /* Assets.xcassets in Resources */,
			);
			runOnlyForDeploymentPostprocessing = 0;
		};
		03003B112AD99E3900DB083D /* Resources */ = {
			isa = PBXResourcesBuildPhase;
			buildActionMask = 2147483647;
			files = (
			);
			runOnlyForDeploymentPostprocessing = 0;
		};
		03003B1B2AD99E3900DB083D /* Resources */ = {
			isa = PBXResourcesBuildPhase;
			buildActionMask = 2147483647;
			files = (
			);
			runOnlyForDeploymentPostprocessing = 0;
		};
/* End PBXResourcesBuildPhase section */

/* Begin PBXSourcesBuildPhase section */
		03003AFF2AD99E3800DB083D /* Sources */ = {
			isa = PBXSourcesBuildPhase;
			buildActionMask = 2147483647;
			files = (
				03003B092AD99E3800DB083D /* ContentView.swift in Sources */,
				03003B072AD99E3800DB083D /* shuttle_bus_id_scannerApp.swift in Sources */,
			);
			runOnlyForDeploymentPostprocessing = 0;
		};
		03003B0F2AD99E3900DB083D /* Sources */ = {
			isa = PBXSourcesBuildPhase;
			buildActionMask = 2147483647;
			files = (
				03003B182AD99E3900DB083D /* shuttle_bus_id_scannerTests.swift in Sources */,
			);
			runOnlyForDeploymentPostprocessing = 0;
		};
		03003B192AD99E3900DB083D /* Sources */ = {
			isa = PBXSourcesBuildPhase;
			buildActionMask = 2147483647;
			files = (
				03003B222AD99E3900DB083D /* shuttle_bus_id_scannerUITests.swift in Sources */,
				03003B242AD99E3900DB083D /* shuttle_bus_id_scannerUITestsLaunchTests.swift in Sources */,
			);
			runOnlyForDeploymentPostprocessing = 0;
		};
/* End PBXSourcesBuildPhase section */

/* Begin PBXTargetDependency section */
		03003B152AD99E3900DB083D /* PBXTargetDependency */ = {
			isa = PBXTargetDependency;
			target = 03003B022AD99E3800DB083D /* shuttle-bus-id-scanner */;
			targetProxy = 03003B142AD99E3900DB083D /* PBXContainerItemProxy */;
		};
		03003B1F2AD99E3900DB083D /* PBXTargetDependency */ = {
			isa = PBXTargetDependency;
			target = 03003B022AD99E3800DB083D /* shuttle-bus-id-scanner */;
			targetProxy = 03003B1E2AD99E3900DB083D /* PBXContainerItemProxy */;
		};
/* End PBXTargetDependency section */

/* Begin XCBuildConfiguration section */
		03003B252AD99E3900DB083D /* Debug */ = {
			isa = XCBuildConfiguration;
			buildSettings = {
				ALWAYS_SEARCH_USER_PATHS = NO;
				CLANG_ANALYZER_NONNULL = YES;
				CLANG_ANALYZER_NUMBER_OBJECT_CONVERSION = YES_AGGRESSIVE;
				CLANG_CXX_LANGUAGE_STANDARD = "gnu++20";
				CLANG_ENABLE_MODULES = YES;
				CLANG_ENABLE_OBJC_ARC = YES;
				CLANG_ENABLE_OBJC_WEAK = YES;
				CLANG_WARN_BLOCK_CAPTURE_AUTORELEASING = YES;
				CLANG_WARN_BOOL_CONVERSION = YES;
				CLANG_WARN_COMMA = YES;
				CLANG_WARN_CONSTANT_CONVERSION = YES;
				CLANG_WARN_DEPRECATED_OBJC_IMPLEMENTATIONS = YES;
				CLANG_WARN_DIRECT_OBJC_ISA_USAGE = YES_ERROR;
				CLANG_WARN_DOCUMENTATION_COMMENTS = YES;
				CLANG_WARN_EMPTY_BODY = YES;
				CLANG_WARN_ENUM_CONVERSION = YES;
				CLANG_WARN_INFINITE_RECURSION = YES;
				CLANG_WARN_INT_CONVERSION = YES;
				CLANG_WARN_NON_LITERAL_NULL_CONVERSION = YES;
				CLANG_WARN_OBJC_IMPLICIT_RETAIN_SELF = YES;
				CLANG_WARN_OBJC_LITERAL_CONVERSION = YES;
				CLANG_WARN_OBJC_ROOT_CLASS = YES_ERROR;
				CLANG_WARN_QUOTED_INCLUDE_IN_FRAMEWORK_HEADER = YES;
				CLANG_WARN_RANGE_LOOP_ANALYSIS = YES;
				CLANG_WARN_STRICT_PROTOTYPES = YES;
				CLANG_WARN_SUSPICIOUS_MOVE = YES;
				CLANG_WARN_UNGUARDED_AVAILABILITY = YES_AGGRESSIVE;
				CLANG_WARN_UNREACHABLE_CODE = YES;
				CLANG_WARN__DUPLICATE_METHOD_MATCH = YES;
				COPY_PHASE_STRIP = NO;
				DEBUG_INFORMATION_FORMAT = dwarf;
				ENABLE_STRICT_OBJC_MSGSEND = YES;
				ENABLE_TESTABILITY = YES;
				GCC_C_LANGUAGE_STANDARD = gnu11;
				GCC_DYNAMIC_NO_PIC = NO;
				GCC_NO_COMMON_BLOCKS = YES;
				GCC_OPTIMIZATION_LEVEL = 0;
				GCC_PREPROCESSOR_DEFINITIONS = (
					"DEBUG=1",
					"$(inherited)",
				);
				GCC_WARN_64_TO_32_BIT_CONVERSION = YES;
				GCC_WARN_ABOUT_RETURN_TYPE = YES_ERROR;
				GCC_WARN_UNDECLARED_SELECTOR = YES;
				GCC_WARN_UNINITIALIZED_AUTOS = YES_AGGRESSIVE;
				GCC_WARN_UNUSED_FUNCTION = YES;
				GCC_WARN_UNUSED_VARIABLE = YES;
				IPHONEOS_DEPLOYMENT_TARGET = 16.4;
				MTL_ENABLE_DEBUG_INFO = INCLUDE_SOURCE;
				MTL_FAST_MATH = YES;
				ONLY_ACTIVE_ARCH = YES;
				SDKROOT = iphoneos;
				SWIFT_ACTIVE_COMPILATION_CONDITIONS = DEBUG;
				SWIFT_OPTIMIZATION_LEVEL = "-Onone";
			};
			name = Debug;
		};
		03003B262AD99E3900DB083D /* Release */ = {
			isa = XCBuildConfiguration;
			buildSettings = {
				ALWAYS_SEARCH_USER_PATHS = NO;
				CLANG_ANALYZER_NONNULL = YES;
				CLANG_ANALYZER_NUMBER_OBJECT_CONVERSION = YES_AGGRESSIVE;
				CLANG_CXX_LANGUAGE_STANDARD = "gnu++20";
				CLANG_ENABLE_MODULES = YES;
				CLANG_ENABLE_OBJC_ARC = YES;
				CLANG_ENABLE_OBJC_WEAK = YES;
				CLANG_WARN_BLOCK_CAPTURE_AUTORELEASING = YES;
				CLANG_WARN_BOOL_CONVERSION = YES;
				CLANG_WARN_COMMA = YES;
				CLANG_WARN_CONSTANT_CONVERSION = YES;
				CLANG_WARN_DEPRECATED_OBJC_IMPLEMENTATIONS = YES;
				CLANG_WARN_DIRECT_OBJC_ISA_USAGE = YES_ERROR;
				CLANG_WARN_DOCUMENTATION_COMMENTS = YES;
				CLANG_WARN_EMPTY_BODY = YES;
				CLANG_WARN_ENUM_CONVERSION = YES;
				CLANG_WARN_INFINITE_RECURSION = YES;
				CLANG_WARN_INT_CONVERSION = YES;
				CLANG_WARN_NON_LITERAL_NULL_CONVERSION = YES;
				CLANG_WARN_OBJC_IMPLICIT_RETAIN_SELF = YES;
				CLANG_WARN_OBJC_LITERAL_CONVERSION = YES;
				CLANG_WARN_OBJC_ROOT_CLASS = YES_ERROR;
				CLANG_WARN_QUOTED_INCLUDE_IN_FRAMEWORK_HEADER = YES;
				CLANG_WARN_RANGE_LOOP_ANALYSIS = YES;
				CLANG_WARN_STRICT_PROTOTYPES = YES;
				CLANG_WARN_SUSPICIOUS_MOVE = YES;
				CLANG_WARN_UNGUARDED_AVAILABILITY = YES_AGGRESSIVE;
				CLANG_WARN_UNREACHABLE_CODE = YES;
				CLANG_WARN__DUPLICATE_METHOD_MATCH = YES;
				COPY_PHASE_STRIP = NO;
				DEBUG_INFORMATION_FORMAT = "dwarf-with-dsym";
				ENABLE_NS_ASSERTIONS = NO;
				ENABLE_STRICT_OBJC_MSGSEND = YES;
				GCC_C_LANGUAGE_STANDARD = gnu11;
				GCC_NO_COMMON_BLOCKS = YES;
				GCC_WARN_64_TO_32_BIT_CONVERSION = YES;
				GCC_WARN_ABOUT_RETURN_TYPE = YES_ERROR;
				GCC_WARN_UNDECLARED_SELECTOR = YES;
				GCC_WARN_UNINITIALIZED_AUTOS = YES_AGGRESSIVE;
				GCC_WARN_UNUSED_FUNCTION = YES;
				GCC_WARN_UNUSED_VARIABLE = YES;
				IPHONEOS_DEPLOYMENT_TARGET = 16.4;
				MTL_ENABLE_DEBUG_INFO = NO;
				MTL_FAST_MATH = YES;
				SDKROOT = iphoneos;
				SWIFT_COMPILATION_MODE = wholemodule;
				SWIFT_OPTIMIZATION_LEVEL = "-O";
				VALIDATE_PRODUCT = YES;
			};
			name = Release;
		};
		03003B282AD99E3900DB083D /* Debug */ = {
			isa = XCBuildConfiguration;
			buildSettings = {
				ASSETCATALOG_COMPILER_APPICON_NAME = AppIcon;
				ASSETCATALOG_COMPILER_GLOBAL_ACCENT_COLOR_NAME = AccentColor;
				CODE_SIGN_STYLE = Automatic;
				CURRENT_PROJECT_VERSION = 1;
				DEVELOPMENT_ASSET_PATHS = "\"shuttle-bus-id-scanner/Preview Content\"";
				ENABLE_PREVIEWS = YES;
				GENERATE_INFOPLIST_FILE = YES;
				INFOPLIST_KEY_UIApplicationSceneManifest_Generation = YES;
				INFOPLIST_KEY_UIApplicationSupportsIndirectInputEvents = YES;
				INFOPLIST_KEY_UILaunchScreen_Generation = YES;
				INFOPLIST_KEY_UISupportedInterfaceOrientations_iPad = "UIInterfaceOrientationPortrait UIInterfaceOrientationPortraitUpsideDown UIInterfaceOrientationLandscapeLeft UIInterfaceOrientationLandscapeRight";
				INFOPLIST_KEY_UISupportedInterfaceOrientations_iPhone = "UIInterfaceOrientationPortrait UIInterfaceOrientationLandscapeLeft UIInterfaceOrientationLandscapeRight";
				LD_RUNPATH_SEARCH_PATHS = (
					"$(inherited)",
					"@executable_path/Frameworks",
				);
				MARKETING_VERSION = 1.0;
				PRODUCT_BUNDLE_IDENTIFIER = "bnydc.shuttle-bus-id-scanner";
				PRODUCT_NAME = "$(TARGET_NAME)";
				SWIFT_EMIT_LOC_STRINGS = YES;
				SWIFT_VERSION = 5.0;
				TARGETED_DEVICE_FAMILY = "1,2";
			};
			name = Debug;
		};
		03003B292AD99E3900DB083D /* Release */ = {
			isa = XCBuildConfiguration;
			buildSettings = {
				ASSETCATALOG_COMPILER_APPICON_NAME = AppIcon;
				ASSETCATALOG_COMPILER_GLOBAL_ACCENT_COLOR_NAME = AccentColor;
				CODE_SIGN_STYLE = Automatic;
				CURRENT_PROJECT_VERSION = 1;
				DEVELOPMENT_ASSET_PATHS = "\"shuttle-bus-id-scanner/Preview Content\"";
				ENABLE_PREVIEWS = YES;
				GENERATE_INFOPLIST_FILE = YES;
				INFOPLIST_KEY_UIApplicationSceneManifest_Generation = YES;
				INFOPLIST_KEY_UIApplicationSupportsIndirectInputEvents = YES;
				INFOPLIST_KEY_UILaunchScreen_Generation = YES;
				INFOPLIST_KEY_UISupportedInterfaceOrientations_iPad = "UIInterfaceOrientationPortrait UIInterfaceOrientationPortraitUpsideDown UIInterfaceOrientationLandscapeLeft UIInterfaceOrientationLandscapeRight";
				INFOPLIST_KEY_UISupportedInterfaceOrientations_iPhone = "UIInterfaceOrientationPortrait UIInterfaceOrientationLandscapeLeft UIInterfaceOrientationLandscapeRight";
				LD_RUNPATH_SEARCH_PATHS = (
					"$(inherited)",
					"@executable_path/Frameworks",
				);
				MARKETING_VERSION = 1.0;
				PRODUCT_BUNDLE_IDENTIFIER = "bnydc.shuttle-bus-id-scanner";
				PRODUCT_NAME = "$(TARGET_NAME)";
				SWIFT_EMIT_LOC_STRINGS = YES;
				SWIFT_VERSION = 5.0;
				TARGETED_DEVICE_FAMILY = "1,2";
			};
			name = Release;
		};
		03003B2B2AD99E3900DB083D /* Debug */ = {
			isa = XCBuildConfiguration;
			buildSettings = {
				ALWAYS_EMBED_SWIFT_STANDARD_LIBRARIES = YES;
				BUNDLE_LOADER = "$(TEST_HOST)";
				CODE_SIGN_STYLE = Automatic;
				CURRENT_PROJECT_VERSION = 1;
				GENERATE_INFOPLIST_FILE = YES;
				IPHONEOS_DEPLOYMENT_TARGET = 16.4;
				MARKETING_VERSION = 1.0;
				PRODUCT_BUNDLE_IDENTIFIER = "bnydc.shuttle-bus-id-scannerTests";
				PRODUCT_NAME = "$(TARGET_NAME)";
				SWIFT_EMIT_LOC_STRINGS = NO;
				SWIFT_VERSION = 5.0;
				TARGETED_DEVICE_FAMILY = "1,2";
				TEST_HOST = "$(BUILT_PRODUCTS_DIR)/shuttle-bus-id-scanner.app/$(BUNDLE_EXECUTABLE_FOLDER_PATH)/shuttle-bus-id-scanner";
			};
			name = Debug;
		};
		03003B2C2AD99E3900DB083D /* Release */ = {
			isa = XCBuildConfiguration;
			buildSettings = {
				ALWAYS_EMBED_SWIFT_STANDARD_LIBRARIES = YES;
				BUNDLE_LOADER = "$(TEST_HOST)";
				CODE_SIGN_STYLE = Automatic;
				CURRENT_PROJECT_VERSION = 1;
				GENERATE_INFOPLIST_FILE = YES;
				IPHONEOS_DEPLOYMENT_TARGET = 16.4;
				MARKETING_VERSION = 1.0;
				PRODUCT_BUNDLE_IDENTIFIER = "bnydc.shuttle-bus-id-scannerTests";
				PRODUCT_NAME = "$(TARGET_NAME)";
				SWIFT_EMIT_LOC_STRINGS = NO;
				SWIFT_VERSION = 5.0;
				TARGETED_DEVICE_FAMILY = "1,2";
				TEST_HOST = "$(BUILT_PRODUCTS_DIR)/shuttle-bus-id-scanner.app/$(BUNDLE_EXECUTABLE_FOLDER_PATH)/shuttle-bus-id-scanner";
			};
			name = Release;
		};
		03003B2E2AD99E3900DB083D /* Debug */ = {
			isa = XCBuildConfiguration;
			buildSettings = {
				ALWAYS_EMBED_SWIFT_STANDARD_LIBRARIES = YES;
				CODE_SIGN_STYLE = Automatic;
				CURRENT_PROJECT_VERSION = 1;
				GENERATE_INFOPLIST_FILE = YES;
				MARKETING_VERSION = 1.0;
				PRODUCT_BUNDLE_IDENTIFIER = "bnydc.shuttle-bus-id-scannerUITests";
				PRODUCT_NAME = "$(TARGET_NAME)";
				SWIFT_EMIT_LOC_STRINGS = NO;
				SWIFT_VERSION = 5.0;
				TARGETED_DEVICE_FAMILY = "1,2";
				TEST_TARGET_NAME = "shuttle-bus-id-scanner";
			};
			name = Debug;
		};
		03003B2F2AD99E3900DB083D /* Release */ = {
			isa = XCBuildConfiguration;
			buildSettings = {
				ALWAYS_EMBED_SWIFT_STANDARD_LIBRARIES = YES;
				CODE_SIGN_STYLE = Automatic;
				CURRENT_PROJECT_VERSION = 1;
				GENERATE_INFOPLIST_FILE = YES;
				MARKETING_VERSION = 1.0;
				PRODUCT_BUNDLE_IDENTIFIER = "bnydc.shuttle-bus-id-scannerUITests";
				PRODUCT_NAME = "$(TARGET_NAME)";
				SWIFT_EMIT_LOC_STRINGS = NO;
				SWIFT_VERSION = 5.0;
				TARGETED_DEVICE_FAMILY = "1,2";
				TEST_TARGET_NAME = "shuttle-bus-id-scanner";
			};
			name = Release;
		};
/* End XCBuildConfiguration section */

/* Begin XCConfigurationList section */
		03003AFE2AD99E3800DB083D /* Build configuration list for PBXProject "shuttle-bus-id-scanner" */ = {
			isa = XCConfigurationList;
			buildConfigurations = (
				03003B252AD99E3900DB083D /* Debug */,
				03003B262AD99E3900DB083D /* Release */,
			);
			defaultConfigurationIsVisible = 0;
			defaultConfigurationName = Release;
		};
		03003B272AD99E3900DB083D /* Build configuration list for PBXNativeTarget "shuttle-bus-id-scanner" */ = {
			isa = XCConfigurationList;
			buildConfigurations = (
				03003B282AD99E3900DB083D /* Debug */,
				03003B292AD99E3900DB083D /* Release */,
			);
			defaultConfigurationIsVisible = 0;
			defaultConfigurationName = Release;
		};
		03003B2A2AD99E3900DB083D /* Build configuration list for PBXNativeTarget "shuttle-bus-id-scannerTests" */ = {
			isa = XCConfigurationList;
			buildConfigurations = (
				03003B2B2AD99E3900DB083D /* Debug */,
				03003B2C2AD99E3900DB083D /* Release */,
			);
			defaultConfigurationIsVisible = 0;
			defaultConfigurationName = Release;
		};
		03003B2D2AD99E3900DB083D /* Build configuration list for PBXNativeTarget "shuttle-bus-id-scannerUITests" */ = {
			isa = XCConfigurationList;
			buildConfigurations = (
				03003B2E2AD99E3900DB083D /* Debug */,
				03003B2F2AD99E3900DB083D /* Release */,
			);
			defaultConfigurationIsVisible = 0;
			defaultConfigurationName = Release;
		};
/* End XCConfigurationList section */
	};
	rootObject = 03003AFB2AD99E3800DB083D /* Project object */;
}
